
Microsoft Visual Studio Solution File, Format Version 12.00
# Visual Studio Version 16
VisualStudioVersion = 16.0.30907.101
MinimumVisualStudioVersion = 10.0.40219.1
Project("{FAE04EC0-301F-11D3-BF4B-00C04F79EFBC}") = "HW03.Calculator", "HW03.Calculator\HW03.Calculator.csproj", "{A65FAA0F-3A7F-46C2-AEFF-57EF36399283}"
EndProject
Global
	GlobalSection(SolutionConfigurationPlatforms) = preSolution
		Debug|Any CPU = Debug|Any CPU
		Release|Any CPU = Release|Any CPU
	EndGlobalSection
	GlobalSection(ProjectConfigurationPlatforms) = postSolution
		{A65FAA0F-3A7F-46C2-AEFF-57EF36399283}.Debug|Any CPU.ActiveCfg = Debug|Any CPU
		{A65FAA0F-3A7F-46C2-AEFF-57EF36399283}.Debug|Any CPU.Build.0 = Debug|Any CPU
		{A65FAA0F-3A7F-46C2-AEFF-57EF36399283}.Release|Any CPU.ActiveCfg = Release|Any CPU
		{A65FAA0F-3A7F-46C2-AEFF-57EF36399283}.Release|Any CPU.Build.0 = Release|Any CPU
	EndGlobalSection
	GlobalSection(SolutionProperties) = preSolution
		HideSolutionNode = FALSE
	EndGlobalSection
	GlobalSection(ExtensibilityGlobals) = postSolution
		SolutionGuid = {B60570EF-B1A1-43B0-8A94-70FAB01E18D6}
	EndGlobalSection
EndGlobal
