
Microsoft Visual Studio Solution File, Format Version 12.00
# Visual Studio Version 16
VisualStudioVersion = 16.0.30907.101
MinimumVisualStudioVersion = 10.0.40219.1
Project("{FAE04EC0-301F-11D3-BF4B-00C04F79EFBC}") = "HW_09_Task1", "HW_09_Task1\HW_09_Task1.csproj", "{F6198566-4648-49EC-934F-7882A00F809E}"
EndProject
Global
	GlobalSection(SolutionConfigurationPlatforms) = preSolution
		Debug|Any CPU = Debug|Any CPU
		Release|Any CPU = Release|Any CPU
	EndGlobalSection
	GlobalSection(ProjectConfigurationPlatforms) = postSolution
		{F6198566-4648-49EC-934F-7882A00F809E}.Debug|Any CPU.ActiveCfg = Debug|Any CPU
		{F6198566-4648-49EC-934F-7882A00F809E}.Debug|Any CPU.Build.0 = Debug|Any CPU
		{F6198566-4648-49EC-934F-7882A00F809E}.Release|Any CPU.ActiveCfg = Release|Any CPU
		{F6198566-4648-49EC-934F-7882A00F809E}.Release|Any CPU.Build.0 = Release|Any CPU
	EndGlobalSection
	GlobalSection(SolutionProperties) = preSolution
		HideSolutionNode = FALSE
	EndGlobalSection
	GlobalSection(ExtensibilityGlobals) = postSolution
		SolutionGuid = {6B93BA65-E042-4EB9-AC63-820C93F5BD56}
	EndGlobalSection
EndGlobal
