
Microsoft Visual Studio Solution File, Format Version 12.00
# Visual Studio Version 16
VisualStudioVersion = 16.0.30907.101
MinimumVisualStudioVersion = 10.0.40219.1
Project("{FAE04EC0-301F-11D3-BF4B-00C04F79EFBC}") = "HW04.Task4", "HW04.Task4\HW04.Task4.csproj", "{DFE60867-F960-4450-824C-E4CDA6D57633}"
EndProject
Global
	GlobalSection(SolutionConfigurationPlatforms) = preSolution
		Debug|Any CPU = Debug|Any CPU
		Release|Any CPU = Release|Any CPU
	EndGlobalSection
	GlobalSection(ProjectConfigurationPlatforms) = postSolution
		{DFE60867-F960-4450-824C-E4CDA6D57633}.Debug|Any CPU.ActiveCfg = Debug|Any CPU
		{DFE60867-F960-4450-824C-E4CDA6D57633}.Debug|Any CPU.Build.0 = Debug|Any CPU
		{DFE60867-F960-4450-824C-E4CDA6D57633}.Release|Any CPU.ActiveCfg = Release|Any CPU
		{DFE60867-F960-4450-824C-E4CDA6D57633}.Release|Any CPU.Build.0 = Release|Any CPU
	EndGlobalSection
	GlobalSection(SolutionProperties) = preSolution
		HideSolutionNode = FALSE
	EndGlobalSection
	GlobalSection(ExtensibilityGlobals) = postSolution
		SolutionGuid = {C02221DB-D30E-49EB-AB66-B4A18653A2D3}
	EndGlobalSection
EndGlobal
