
Microsoft Visual Studio Solution File, Format Version 12.00
# Visual Studio Version 16
VisualStudioVersion = 16.0.30907.101
MinimumVisualStudioVersion = 10.0.40219.1
Project("{FAE04EC0-301F-11D3-BF4B-00C04F79EFBC}") = "HW_6_Task_2_version_2", "HW_6_Task_2_version_2\HW_6_Task_2_version_2.csproj", "{3D06AEB2-250F-4CFA-819B-5822DBF4A25C}"
EndProject
Global
	GlobalSection(SolutionConfigurationPlatforms) = preSolution
		Debug|Any CPU = Debug|Any CPU
		Release|Any CPU = Release|Any CPU
	EndGlobalSection
	GlobalSection(ProjectConfigurationPlatforms) = postSolution
		{3D06AEB2-250F-4CFA-819B-5822DBF4A25C}.Debug|Any CPU.ActiveCfg = Debug|Any CPU
		{3D06AEB2-250F-4CFA-819B-5822DBF4A25C}.Debug|Any CPU.Build.0 = Debug|Any CPU
		{3D06AEB2-250F-4CFA-819B-5822DBF4A25C}.Release|Any CPU.ActiveCfg = Release|Any CPU
		{3D06AEB2-250F-4CFA-819B-5822DBF4A25C}.Release|Any CPU.Build.0 = Release|Any CPU
	EndGlobalSection
	GlobalSection(SolutionProperties) = preSolution
		HideSolutionNode = FALSE
	EndGlobalSection
	GlobalSection(ExtensibilityGlobals) = postSolution
		SolutionGuid = {3470CCF4-9156-49F7-8FFC-08947F280181}
	EndGlobalSection
EndGlobal
