
Microsoft Visual Studio Solution File, Format Version 12.00
# Visual Studio Version 16
VisualStudioVersion = 16.0.30907.101
MinimumVisualStudioVersion = 10.0.40219.1
Project("{FAE04EC0-301F-11D3-BF4B-00C04F79EFBC}") = "HW_03_Task_Calculator_Not_Static", "HW_03_Task_Calculator_Not_Static\HW_03_Task_Calculator_Not_Static.csproj", "{F3AAB231-95C7-4709-A39A-C37E96D7A282}"
EndProject
Global
	GlobalSection(SolutionConfigurationPlatforms) = preSolution
		Debug|Any CPU = Debug|Any CPU
		Release|Any CPU = Release|Any CPU
	EndGlobalSection
	GlobalSection(ProjectConfigurationPlatforms) = postSolution
		{F3AAB231-95C7-4709-A39A-C37E96D7A282}.Debug|Any CPU.ActiveCfg = Debug|Any CPU
		{F3AAB231-95C7-4709-A39A-C37E96D7A282}.Debug|Any CPU.Build.0 = Debug|Any CPU
		{F3AAB231-95C7-4709-A39A-C37E96D7A282}.Release|Any CPU.ActiveCfg = Release|Any CPU
		{F3AAB231-95C7-4709-A39A-C37E96D7A282}.Release|Any CPU.Build.0 = Release|Any CPU
	EndGlobalSection
	GlobalSection(SolutionProperties) = preSolution
		HideSolutionNode = FALSE
	EndGlobalSection
	GlobalSection(ExtensibilityGlobals) = postSolution
		SolutionGuid = {438F3A2F-655F-41E4-94F1-A45FAE49C810}
	EndGlobalSection
EndGlobal
