
Microsoft Visual Studio Solution File, Format Version 12.00
# Visual Studio Version 16
VisualStudioVersion = 16.0.30907.101
MinimumVisualStudioVersion = 10.0.40219.1
Project("{FAE04EC0-301F-11D3-BF4B-00C04F79EFBC}") = "HW_08_Tak_1", "HW_08_Tak_1\HW_08_Tak_1.csproj", "{447E6C44-F335-49A7-B46D-81805B25E471}"
EndProject
Global
	GlobalSection(SolutionConfigurationPlatforms) = preSolution
		Debug|Any CPU = Debug|Any CPU
		Release|Any CPU = Release|Any CPU
	EndGlobalSection
	GlobalSection(ProjectConfigurationPlatforms) = postSolution
		{447E6C44-F335-49A7-B46D-81805B25E471}.Debug|Any CPU.ActiveCfg = Debug|Any CPU
		{447E6C44-F335-49A7-B46D-81805B25E471}.Debug|Any CPU.Build.0 = Debug|Any CPU
		{447E6C44-F335-49A7-B46D-81805B25E471}.Release|Any CPU.ActiveCfg = Release|Any CPU
		{447E6C44-F335-49A7-B46D-81805B25E471}.Release|Any CPU.Build.0 = Release|Any CPU
	EndGlobalSection
	GlobalSection(SolutionProperties) = preSolution
		HideSolutionNode = FALSE
	EndGlobalSection
	GlobalSection(ExtensibilityGlobals) = postSolution
		SolutionGuid = {CB6A6356-71E5-4478-A2E9-7DDDC01A1750}
	EndGlobalSection
EndGlobal
